// !$*UTF8*$!
{
	archiveVersion = 1;
	classes = {
	};
	objectVersion = 51;
	objects = {

/* Begin PBXBuildFile section */
		855A76C82CF938B6F1507366 /* Pods_amne.framework in Frameworks */ = {isa = PBXBuildFile; fileRef = 62394FC1E2400AAEEACE12E5 /* Pods_amne.framework */; };
		E5396CF22695C8D200A1E581 /* DataBaseManager.swift in Sources */ = {isa = PBXBuildFile; fileRef = E5396CF12695C8D200A1E581 /* DataBaseManager.swift */; };
		E5396CF42695CC0000A1E581 /* GoogleService-Info.plist in Resources */ = {isa = PBXBuildFile; fileRef = E5396CF32695CC0000A1E581 /* GoogleService-Info.plist */; };
		E57D2CC226A1618800ACC185 /* RabbitViewController.swift in Sources */ = {isa = PBXBuildFile; fileRef = E57D2CC126A1618800ACC185 /* RabbitViewController.swift */; };
		E5AFDAC12694F2DD007F8F69 /* AppDelegate.swift in Sources */ = {isa = PBXBuildFile; fileRef = E5AFDAC02694F2DD007F8F69 /* AppDelegate.swift */; };
		E5AFDAC32694F2DD007F8F69 /* SceneDelegate.swift in Sources */ = {isa = PBXBuildFile; fileRef = E5AFDAC22694F2DD007F8F69 /* SceneDelegate.swift */; };
		E5AFDAC52694F2DD007F8F69 /* ConversationsViewController.swift in Sources */ = {isa = PBXBuildFile; fileRef = E5AFDAC42694F2DD007F8F69 /* ConversationsViewController.swift */; };
		E5AFDAC82694F2DD007F8F69 /* Main.storyboard in Resources */ = {isa = PBXBuildFile; fileRef = E5AFDAC62694F2DD007F8F69 /* Main.storyboard */; };
		E5AFDACA2694F2DD007F8F69 /* Assets.xcassets in Resources */ = {isa = PBXBuildFile; fileRef = E5AFDAC92694F2DD007F8F69 /* Assets.xcassets */; };
		E5AFDACD2694F2DD007F8F69 /* LaunchScreen.storyboard in Resources */ = {isa = PBXBuildFile; fileRef = E5AFDACB2694F2DD007F8F69 /* LaunchScreen.storyboard */; };
		E5AFDADB2694F639007F8F69 /* LoginViewController.swift in Sources */ = {isa = PBXBuildFile; fileRef = E5AFDADA2694F639007F8F69 /* LoginViewController.swift */; };
		E5AFDADD2694F670007F8F69 /* RegisterViewController.swift in Sources */ = {isa = PBXBuildFile; fileRef = E5AFDADC2694F670007F8F69 /* RegisterViewController.swift */; };
		E5AFDADF2694F6C4007F8F69 /* PhotoViewerViewController.swift in Sources */ = {isa = PBXBuildFile; fileRef = E5AFDADE2694F6C4007F8F69 /* PhotoViewerViewController.swift */; };
		E5AFDAE12694F6D7007F8F69 /* VideoPlayerViewController.swift in Sources */ = {isa = PBXBuildFile; fileRef = E5AFDAE02694F6D7007F8F69 /* VideoPlayerViewController.swift */; };
		E5AFDAE52694F754007F8F69 /* ProfileViewController.swift in Sources */ = {isa = PBXBuildFile; fileRef = E5AFDAE42694F754007F8F69 /* ProfileViewController.swift */; };
		E5AFDAE72694F8BB007F8F69 /* NewConversationViewController.swift in Sources */ = {isa = PBXBuildFile; fileRef = E5AFDAE62694F8BB007F8F69 /* NewConversationViewController.swift */; };
		E5AFDAEA269503A1007F8F69 /* extensions.swift in Sources */ = {isa = PBXBuildFile; fileRef = E5AFDAE9269503A1007F8F69 /* extensions.swift */; };
/* End PBXBuildFile section */

/* Begin PBXFileReference section */
		62394FC1E2400AAEEACE12E5 /* Pods_amne.framework */ = {isa = PBXFileReference; explicitFileType = wrapper.framework; includeInIndex = 0; path = Pods_amne.framework; sourceTree = BUILT_PRODUCTS_DIR; };
		77CFB049FE0740D12EB2F38B /* Pods-amne.debug.xcconfig */ = {isa = PBXFileReference; includeInIndex = 1; lastKnownFileType = text.xcconfig; name = "Pods-amne.debug.xcconfig"; path = "Target Support Files/Pods-amne/Pods-amne.debug.xcconfig"; sourceTree = "<group>"; };
		9BE111477458005B77FCDE2E /* Pods-amne.release.xcconfig */ = {isa = PBXFileReference; includeInIndex = 1; lastKnownFileType = text.xcconfig; name = "Pods-amne.release.xcconfig"; path = "Target Support Files/Pods-amne/Pods-amne.release.xcconfig"; sourceTree = "<group>"; };
		E5396CF12695C8D200A1E581 /* DataBaseManager.swift */ = {isa = PBXFileReference; lastKnownFileType = sourcecode.swift; path = DataBaseManager.swift; sourceTree = "<group>"; };
		E5396CF32695CC0000A1E581 /* GoogleService-Info.plist */ = {isa = PBXFileReference; fileEncoding = 4; lastKnownFileType = text.plist.xml; path = "GoogleService-Info.plist"; sourceTree = "<group>"; };
		E57D2CC126A1618800ACC185 /* RabbitViewController.swift */ = {isa = PBXFileReference; lastKnownFileType = sourcecode.swift; path = RabbitViewController.swift; sourceTree = "<group>"; };
		E5AFDABD2694F2DD007F8F69 /* amne.app */ = {isa = PBXFileReference; explicitFileType = wrapper.application; includeInIndex = 0; path = amne.app; sourceTree = BUILT_PRODUCTS_DIR; };
		E5AFDAC02694F2DD007F8F69 /* AppDelegate.swift */ = {isa = PBXFileReference; lastKnownFileType = sourcecode.swift; path = AppDelegate.swift; sourceTree = "<group>"; };
		E5AFDAC22694F2DD007F8F69 /* SceneDelegate.swift */ = {isa = PBXFileReference; lastKnownFileType = sourcecode.swift; path = SceneDelegate.swift; sourceTree = "<group>"; };
		E5AFDAC42694F2DD007F8F69 /* ConversationsViewController.swift */ = {isa = PBXFileReference; lastKnownFileType = sourcecode.swift; path = ConversationsViewController.swift; sourceTree = "<group>"; };
		E5AFDAC72694F2DD007F8F69 /* Base */ = {isa = PBXFileReference; lastKnownFileType = file.storyboard; name = Base; path = Base.lproj/Main.storyboard; sourceTree = "<group>"; };
		E5AFDAC92694F2DD007F8F69 /* Assets.xcassets */ = {isa = PBXFileReference; lastKnownFileType = folder.assetcatalog; path = Assets.xcassets; sourceTree = "<group>"; };
		E5AFDACC2694F2DD007F8F69 /* Base */ = {isa = PBXFileReference; lastKnownFileType = file.storyboard; name = Base; path = Base.lproj/LaunchScreen.storyboard; sourceTree = "<group>"; };
		E5AFDACE2694F2DD007F8F69 /* Info.plist */ = {isa = PBXFileReference; lastKnownFileType = text.plist.xml; path = Info.plist; sourceTree = "<group>"; };
		E5AFDADA2694F639007F8F69 /* LoginViewController.swift */ = {isa = PBXFileReference; lastKnownFileType = sourcecode.swift; path = LoginViewController.swift; sourceTree = "<group>"; };
		E5AFDADC2694F670007F8F69 /* RegisterViewController.swift */ = {isa = PBXFileReference; lastKnownFileType = sourcecode.swift; path = RegisterViewController.swift; sourceTree = "<group>"; };
		E5AFDADE2694F6C4007F8F69 /* PhotoViewerViewController.swift */ = {isa = PBXFileReference; lastKnownFileType = sourcecode.swift; path = PhotoViewerViewController.swift; sourceTree = "<group>"; };
		E5AFDAE02694F6D7007F8F69 /* VideoPlayerViewController.swift */ = {isa = PBXFileReference; lastKnownFileType = sourcecode.swift; path = VideoPlayerViewController.swift; sourceTree = "<group>"; };
		E5AFDAE42694F754007F8F69 /* ProfileViewController.swift */ = {isa = PBXFileReference; lastKnownFileType = sourcecode.swift; path = ProfileViewController.swift; sourceTree = "<group>"; };
		E5AFDAE62694F8BB007F8F69 /* NewConversationViewController.swift */ = {isa = PBXFileReference; lastKnownFileType = sourcecode.swift; path = NewConversationViewController.swift; sourceTree = "<group>"; };
		E5AFDAE9269503A1007F8F69 /* extensions.swift */ = {isa = PBXFileReference; lastKnownFileType = sourcecode.swift; path = extensions.swift; sourceTree = "<group>"; };
/* End PBXFileReference section */

/* Begin PBXFrameworksBuildPhase section */
		E5AFDABA2694F2DD007F8F69 /* Frameworks */ = {
			isa = PBXFrameworksBuildPhase;
			buildActionMask = 2147483647;
			files = (
				855A76C82CF938B6F1507366 /* Pods_amne.framework in Frameworks */,
			);
			runOnlyForDeploymentPostprocessing = 0;
		};
/* End PBXFrameworksBuildPhase section */

/* Begin PBXGroup section */
		B51B08D6B24C2DE8F21FE4AF /* Pods */ = {
			isa = PBXGroup;
			children = (
				77CFB049FE0740D12EB2F38B /* Pods-amne.debug.xcconfig */,
				9BE111477458005B77FCDE2E /* Pods-amne.release.xcconfig */,
			);
			path = Pods;
			sourceTree = "<group>";
		};
		BABF1A0322D19328DD9ECAF2 /* Frameworks */ = {
			isa = PBXGroup;
			children = (
				62394FC1E2400AAEEACE12E5 /* Pods_amne.framework */,
			);
			name = Frameworks;
			sourceTree = "<group>";
		};
		E5AFDAB42694F2DC007F8F69 = {
			isa = PBXGroup;
			children = (
				E5AFDABF2694F2DD007F8F69 /* amne */,
				E5AFDABE2694F2DD007F8F69 /* Products */,
				B51B08D6B24C2DE8F21FE4AF /* Pods */,
				BABF1A0322D19328DD9ECAF2 /* Frameworks */,
			);
			sourceTree = "<group>";
		};
		E5AFDABE2694F2DD007F8F69 /* Products */ = {
			isa = PBXGroup;
			children = (
				E5AFDABD2694F2DD007F8F69 /* amne.app */,
			);
			name = Products;
			sourceTree = "<group>";
		};
		E5AFDABF2694F2DD007F8F69 /* amne */ = {
			isa = PBXGroup;
			children = (
				E5396CF32695CC0000A1E581 /* GoogleService-Info.plist */,
				E5AFDAD82694F4D3007F8F69 /* RESOURCES */,
				E5AFDAD72694F49E007F8F69 /* ViewMODELS */,
				E5AFDAD62694F48F007F8F69 /* MODELS */,
				E5AFDAD52694F477007F8F69 /* VIEWS */,
				E5AFDAD42694F463007F8F69 /* CONTROLLERS */,
				E5AFDACE2694F2DD007F8F69 /* Info.plist */,
			);
			path = amne;
			sourceTree = "<group>";
		};
		E5AFDAD42694F463007F8F69 /* CONTROLLERS */ = {
			isa = PBXGroup;
			children = (
				E5AFDAC42694F2DD007F8F69 /* ConversationsViewController.swift */,
				E5AFDAE82694F95E007F8F69 /* LOGIN */,
				E5AFDADE2694F6C4007F8F69 /* PhotoViewerViewController.swift */,
				E5AFDAE02694F6D7007F8F69 /* VideoPlayerViewController.swift */,
				E5AFDAE42694F754007F8F69 /* ProfileViewController.swift */,
				E5AFDAE62694F8BB007F8F69 /* NewConversationViewController.swift */,
				E57D2CC126A1618800ACC185 /* RabbitViewController.swift */,
			);
			path = CONTROLLERS;
			sourceTree = "<group>";
		};
		E5AFDAD52694F477007F8F69 /* VIEWS */ = {
			isa = PBXGroup;
			children = (
				E5AFDAD92694F4EC007F8F69 /* STORYBOARDS */,
			);
			path = VIEWS;
			sourceTree = "<group>";
		};
		E5AFDAD62694F48F007F8F69 /* MODELS */ = {
			isa = PBXGroup;
			children = (
			);
			path = MODELS;
			sourceTree = "<group>";
		};
		E5AFDAD72694F49E007F8F69 /* ViewMODELS */ = {
			isa = PBXGroup;
			children = (
			);
			path = ViewMODELS;
			sourceTree = "<group>";
		};
		E5AFDAD82694F4D3007F8F69 /* RESOURCES */ = {
			isa = PBXGroup;
			children = (
				E5AFDAC02694F2DD007F8F69 /* AppDelegate.swift */,
				E5AFDAC22694F2DD007F8F69 /* SceneDelegate.swift */,
				E5AFDAE9269503A1007F8F69 /* extensions.swift */,
				E5396CF12695C8D200A1E581 /* DataBaseManager.swift */,
			);
			path = RESOURCES;
			sourceTree = "<group>";
		};
		E5AFDAD92694F4EC007F8F69 /* STORYBOARDS */ = {
			isa = PBXGroup;
			children = (
				E5AFDAC62694F2DD007F8F69 /* Main.storyboard */,
				E5AFDAC92694F2DD007F8F69 /* Assets.xcassets */,
				E5AFDACB2694F2DD007F8F69 /* LaunchScreen.storyboard */,
			);
			path = STORYBOARDS;
			sourceTree = "<group>";
		};
		E5AFDAE82694F95E007F8F69 /* LOGIN */ = {
			isa = PBXGroup;
			children = (
				E5AFDADA2694F639007F8F69 /* LoginViewController.swift */,
				E5AFDADC2694F670007F8F69 /* RegisterViewController.swift */,
			);
			path = LOGIN;
			sourceTree = "<group>";
		};
/* End PBXGroup section */

/* Begin PBXNativeTarget section */
		E5AFDABC2694F2DD007F8F69 /* amne */ = {
			isa = PBXNativeTarget;
			buildConfigurationList = E5AFDAD12694F2DD007F8F69 /* Build configuration list for PBXNativeTarget "amne" */;
			buildPhases = (
				82C41D0DA809DE5F8CC61862 /* [CP] Check Pods Manifest.lock */,
				E5AFDAB92694F2DD007F8F69 /* Sources */,
				E5AFDABA2694F2DD007F8F69 /* Frameworks */,
				E5AFDABB2694F2DD007F8F69 /* Resources */,
				572EEBE5DA6DEF861D47B641 /* [CP] Embed Pods Frameworks */,
			);
			buildRules = (
			);
			dependencies = (
			);
			name = amne;
			productName = amne;
			productReference = E5AFDABD2694F2DD007F8F69 /* amne.app */;
			productType = "com.apple.product-type.application";
		};
/* End PBXNativeTarget section */

/* Begin PBXProject section */
		E5AFDAB52694F2DC007F8F69 /* Project object */ = {
			isa = PBXProject;
			attributes = {
				LastSwiftUpdateCheck = 1250;
				LastUpgradeCheck = 1250;
				TargetAttributes = {
					E5AFDABC2694F2DD007F8F69 = {
						CreatedOnToolsVersion = 12.5.1;
					};
				};
			};
			buildConfigurationList = E5AFDAB82694F2DC007F8F69 /* Build configuration list for PBXProject "amne" */;
			compatibilityVersion = "Xcode 9.3";
			developmentRegion = en;
			hasScannedForEncodings = 0;
			knownRegions = (
				en,
				Base,
			);
			mainGroup = E5AFDAB42694F2DC007F8F69;
			productRefGroup = E5AFDABE2694F2DD007F8F69 /* Products */;
			projectDirPath = "";
			projectRoot = "";
			targets = (
				E5AFDABC2694F2DD007F8F69 /* amne */,
			);
		};
/* End PBXProject section */

/* Begin PBXResourcesBuildPhase section */
		E5AFDABB2694F2DD007F8F69 /* Resources */ = {
			isa = PBXResourcesBuildPhase;
			buildActionMask = 2147483647;
			files = (
				E5AFDACD2694F2DD007F8F69 /* LaunchScreen.storyboard in Resources */,
				E5396CF42695CC0000A1E581 /* GoogleService-Info.plist in Resources */,
				E5AFDACA2694F2DD007F8F69 /* Assets.xcassets in Resources */,
				E5AFDAC82694F2DD007F8F69 /* Main.storyboard in Resources */,
			);
			runOnlyForDeploymentPostprocessing = 0;
		};
/* End PBXResourcesBuildPhase section */

/* Begin PBXShellScriptBuildPhase section */
		572EEBE5DA6DEF861D47B641 /* [CP] Embed Pods Frameworks */ = {
			isa = PBXShellScriptBuildPhase;
			buildActionMask = 2147483647;
			files = (
			);
			inputFileListPaths = (
				"${PODS_ROOT}/Target Support Files/Pods-amne/Pods-amne-frameworks-${CONFIGURATION}-input-files.xcfilelist",
			);
			name = "[CP] Embed Pods Frameworks";
			outputFileListPaths = (
				"${PODS_ROOT}/Target Support Files/Pods-amne/Pods-amne-frameworks-${CONFIGURATION}-output-files.xcfilelist",
			);
			runOnlyForDeploymentPostprocessing = 0;
			shellPath = /bin/sh;
			shellScript = "\"${PODS_ROOT}/Target Support Files/Pods-amne/Pods-amne-frameworks.sh\"\n";
			showEnvVarsInLog = 0;
		};
		82C41D0DA809DE5F8CC61862 /* [CP] Check Pods Manifest.lock */ = {
			isa = PBXShellScriptBuildPhase;
			buildActionMask = 2147483647;
			files = (
			);
			inputFileListPaths = (
			);
			inputPaths = (
				"${PODS_PODFILE_DIR_PATH}/Podfile.lock",
				"${PODS_ROOT}/Manifest.lock",
			);
			name = "[CP] Check Pods Manifest.lock";
			outputFileListPaths = (
			);
			outputPaths = (
				"$(DERIVED_FILE_DIR)/Pods-amne-checkManifestLockResult.txt",
			);
			runOnlyForDeploymentPostprocessing = 0;
			shellPath = /bin/sh;
			shellScript = "diff \"${PODS_PODFILE_DIR_PATH}/Podfile.lock\" \"${PODS_ROOT}/Manifest.lock\" > /dev/null\nif [ $? != 0 ] ; then\n    # print error to STDERR\n    echo \"error: The sandbox is not in sync with the Podfile.lock. Run 'pod install' or update your CocoaPods installation.\" >&2\n    exit 1\nfi\n# This output is used by Xcode 'outputs' to avoid re-running this script phase.\necho \"SUCCESS\" > \"${SCRIPT_OUTPUT_FILE_0}\"\n";
			showEnvVarsInLog = 0;
		};
/* End PBXShellScriptBuildPhase section */

/* Begin PBXSourcesBuildPhase section */
		E5AFDAB92694F2DD007F8F69 /* Sources */ = {
			isa = PBXSourcesBuildPhase;
			buildActionMask = 2147483647;
			files = (
				E57D2CC226A1618800ACC185 /* RabbitViewController.swift in Sources */,
				E5AFDADB2694F639007F8F69 /* LoginViewController.swift in Sources */,
				E5396CF22695C8D200A1E581 /* DataBaseManager.swift in Sources */,
				E5AFDADD2694F670007F8F69 /* RegisterViewController.swift in Sources */,
				E5AFDAC52694F2DD007F8F69 /* ConversationsViewController.swift in Sources */,
				E5AFDAE12694F6D7007F8F69 /* VideoPlayerViewController.swift in Sources */,
				E5AFDAC12694F2DD007F8F69 /* AppDelegate.swift in Sources */,
				E5AFDAEA269503A1007F8F69 /* extensions.swift in Sources */,
				E5AFDAE52694F754007F8F69 /* ProfileViewController.swift in Sources */,
				E5AFDAE72694F8BB007F8F69 /* NewConversationViewController.swift in Sources */,
				E5AFDAC32694F2DD007F8F69 /* SceneDelegate.swift in Sources */,
				E5AFDADF2694F6C4007F8F69 /* PhotoViewerViewController.swift in Sources */,
			);
			runOnlyForDeploymentPostprocessing = 0;
		};
/* End PBXSourcesBuildPhase section */

/* Begin PBXVariantGroup section */
		E5AFDAC62694F2DD007F8F69 /* Main.storyboard */ = {
			isa = PBXVariantGroup;
			children = (
				E5AFDAC72694F2DD007F8F69 /* Base */,
			);
			name = Main.storyboard;
			sourceTree = "<group>";
		};
		E5AFDACB2694F2DD007F8F69 /* LaunchScreen.storyboard */ = {
			isa = PBXVariantGroup;
			children = (
				E5AFDACC2694F2DD007F8F69 /* Base */,
			);
			name = LaunchScreen.storyboard;
			sourceTree = "<group>";
		};
/* End PBXVariantGroup section */

/* Begin XCBuildConfiguration section */
		E5AFDACF2694F2DD007F8F69 /* Debug */ = {
			isa = XCBuildConfiguration;
			buildSettings = {
				ALWAYS_SEARCH_USER_PATHS = NO;
				CLANG_ANALYZER_NONNULL = YES;
				CLANG_ANALYZER_NUMBER_OBJECT_CONVERSION = YES_AGGRESSIVE;
				CLANG_CXX_LANGUAGE_STANDARD = "gnu++14";
				CLANG_CXX_LIBRARY = "libc++";
				CLANG_ENABLE_MODULES = YES;
				CLANG_ENABLE_OBJC_ARC = YES;
				CLANG_ENABLE_OBJC_WEAK = YES;
				CLANG_WARN_BLOCK_CAPTURE_AUTORELEASING = YES;
				CLANG_WARN_BOOL_CONVERSION = YES;
				CLANG_WARN_COMMA = YES;
				CLANG_WARN_CONSTANT_CONVERSION = YES;
				CLANG_WARN_DEPRECATED_OBJC_IMPLEMENTATIONS = YES;
				CLANG_WARN_DIRECT_OBJC_ISA_USAGE = YES_ERROR;
				CLANG_WARN_DOCUMENTATION_COMMENTS = YES;
				CLANG_WARN_EMPTY_BODY = YES;
				CLANG_WARN_ENUM_CONVERSION = YES;
				CLANG_WARN_INFINITE_RECURSION = YES;
				CLANG_WARN_INT_CONVERSION = YES;
				CLANG_WARN_NON_LITERAL_NULL_CONVERSION = YES;
				CLANG_WARN_OBJC_IMPLICIT_RETAIN_SELF = YES;
				CLANG_WARN_OBJC_LITERAL_CONVERSION = YES;
				CLANG_WARN_OBJC_ROOT_CLASS = YES_ERROR;
				CLANG_WARN_QUOTED_INCLUDE_IN_FRAMEWORK_HEADER = YES;
				CLANG_WARN_RANGE_LOOP_ANALYSIS = YES;
				CLANG_WARN_STRICT_PROTOTYPES = YES;
				CLANG_WARN_SUSPICIOUS_MOVE = YES;
				CLANG_WARN_UNGUARDED_AVAILABILITY = YES_AGGRESSIVE;
				CLANG_WARN_UNREACHABLE_CODE = YES;
				CLANG_WARN__DUPLICATE_METHOD_MATCH = YES;
				COPY_PHASE_STRIP = NO;
				DEBUG_INFORMATION_FORMAT = dwarf;
				ENABLE_STRICT_OBJC_MSGSEND = YES;
				ENABLE_TESTABILITY = YES;
				GCC_C_LANGUAGE_STANDARD = gnu11;
				GCC_DYNAMIC_NO_PIC = NO;
				GCC_NO_COMMON_BLOCKS = YES;
				GCC_OPTIMIZATION_LEVEL = 0;
				GCC_PREPROCESSOR_DEFINITIONS = (
					"DEBUG=1",
					"$(inherited)",
				);
				GCC_WARN_64_TO_32_BIT_CONVERSION = YES;
				GCC_WARN_ABOUT_RETURN_TYPE = YES_ERROR;
				GCC_WARN_UNDECLARED_SELECTOR = YES;
				GCC_WARN_UNINITIALIZED_AUTOS = YES_AGGRESSIVE;
				GCC_WARN_UNUSED_FUNCTION = YES;
				GCC_WARN_UNUSED_VARIABLE = YES;
				IPHONEOS_DEPLOYMENT_TARGET = 14.5;
				MTL_ENABLE_DEBUG_INFO = INCLUDE_SOURCE;
				MTL_FAST_MATH = YES;
				ONLY_ACTIVE_ARCH = YES;
				SDKROOT = iphoneos;
				SWIFT_ACTIVE_COMPILATION_CONDITIONS = DEBUG;
				SWIFT_OPTIMIZATION_LEVEL = "-Onone";
			};
			name = Debug;
		};
		E5AFDAD02694F2DD007F8F69 /* Release */ = {
			isa = XCBuildConfiguration;
			buildSettings = {
				ALWAYS_SEARCH_USER_PATHS = NO;
				CLANG_ANALYZER_NONNULL = YES;
				CLANG_ANALYZER_NUMBER_OBJECT_CONVERSION = YES_AGGRESSIVE;
				CLANG_CXX_LANGUAGE_STANDARD = "gnu++14";
				CLANG_CXX_LIBRARY = "libc++";
				CLANG_ENABLE_MODULES = YES;
				CLANG_ENABLE_OBJC_ARC = YES;
				CLANG_ENABLE_OBJC_WEAK = YES;
				CLANG_WARN_BLOCK_CAPTURE_AUTORELEASING = YES;
				CLANG_WARN_BOOL_CONVERSION = YES;
				CLANG_WARN_COMMA = YES;
				CLANG_WARN_CONSTANT_CONVERSION = YES;
				CLANG_WARN_DEPRECATED_OBJC_IMPLEMENTATIONS = YES;
				CLANG_WARN_DIRECT_OBJC_ISA_USAGE = YES_ERROR;
				CLANG_WARN_DOCUMENTATION_COMMENTS = YES;
				CLANG_WARN_EMPTY_BODY = YES;
				CLANG_WARN_ENUM_CONVERSION = YES;
				CLANG_WARN_INFINITE_RECURSION = YES;
				CLANG_WARN_INT_CONVERSION = YES;
				CLANG_WARN_NON_LITERAL_NULL_CONVERSION = YES;
				CLANG_WARN_OBJC_IMPLICIT_RETAIN_SELF = YES;
				CLANG_WARN_OBJC_LITERAL_CONVERSION = YES;
				CLANG_WARN_OBJC_ROOT_CLASS = YES_ERROR;
				CLANG_WARN_QUOTED_INCLUDE_IN_FRAMEWORK_HEADER = YES;
				CLANG_WARN_RANGE_LOOP_ANALYSIS = YES;
				CLANG_WARN_STRICT_PROTOTYPES = YES;
				CLANG_WARN_SUSPICIOUS_MOVE = YES;
				CLANG_WARN_UNGUARDED_AVAILABILITY = YES_AGGRESSIVE;
				CLANG_WARN_UNREACHABLE_CODE = YES;
				CLANG_WARN__DUPLICATE_METHOD_MATCH = YES;
				COPY_PHASE_STRIP = NO;
				DEBUG_INFORMATION_FORMAT = "dwarf-with-dsym";
				ENABLE_NS_ASSERTIONS = NO;
				ENABLE_STRICT_OBJC_MSGSEND = YES;
				GCC_C_LANGUAGE_STANDARD = gnu11;
				GCC_NO_COMMON_BLOCKS = YES;
				GCC_WARN_64_TO_32_BIT_CONVERSION = YES;
				GCC_WARN_ABOUT_RETURN_TYPE = YES_ERROR;
				GCC_WARN_UNDECLARED_SELECTOR = YES;
				GCC_WARN_UNINITIALIZED_AUTOS = YES_AGGRESSIVE;
				GCC_WARN_UNUSED_FUNCTION = YES;
				GCC_WARN_UNUSED_VARIABLE = YES;
				IPHONEOS_DEPLOYMENT_TARGET = 14.5;
				MTL_ENABLE_DEBUG_INFO = NO;
				MTL_FAST_MATH = YES;
				SDKROOT = iphoneos;
				SWIFT_COMPILATION_MODE = wholemodule;
				SWIFT_OPTIMIZATION_LEVEL = "-O";
				VALIDATE_PRODUCT = YES;
			};
			name = Release;
		};
		E5AFDAD22694F2DD007F8F69 /* Debug */ = {
			isa = XCBuildConfiguration;
			baseConfigurationReference = 77CFB049FE0740D12EB2F38B /* Pods-amne.debug.xcconfig */;
			buildSettings = {
				ASSETCATALOG_COMPILER_APPICON_NAME = AppIcon;
				ASSETCATALOG_COMPILER_GLOBAL_ACCENT_COLOR_NAME = AccentColor;
				CODE_SIGN_STYLE = Automatic;
				DEVELOPMENT_TEAM = WDH2WMCY5P;
				INFOPLIST_FILE = amne/Info.plist;
				LD_RUNPATH_SEARCH_PATHS = (
					"$(inherited)",
					"@executable_path/Frameworks",
				);
				PRODUCT_BUNDLE_IDENTIFIER = "ABOBA-CORP.amne";
				PRODUCT_NAME = "$(TARGET_NAME)";
				SWIFT_VERSION = 5.0;
				TARGETED_DEVICE_FAMILY = 1;
			};
			name = Debug;
		};
		E5AFDAD32694F2DD007F8F69 /* Release */ = {
			isa = XCBuildConfiguration;
			baseConfigurationReference = 9BE111477458005B77FCDE2E /* Pods-amne.release.xcconfig */;
			buildSettings = {
				ASSETCATALOG_COMPILER_APPICON_NAME = AppIcon;
				ASSETCATALOG_COMPILER_GLOBAL_ACCENT_COLOR_NAME = AccentColor;
				CODE_SIGN_STYLE = Automatic;
				DEVELOPMENT_TEAM = WDH2WMCY5P;
				INFOPLIST_FILE = amne/Info.plist;
				LD_RUNPATH_SEARCH_PATHS = (
					"$(inherited)",
					"@executable_path/Frameworks",
				);
				PRODUCT_BUNDLE_IDENTIFIER = "ABOBA-CORP.amne";
				PRODUCT_NAME = "$(TARGET_NAME)";
				SWIFT_VERSION = 5.0;
				TARGETED_DEVICE_FAMILY = 1;
			};
			name = Release;
		};
/* End XCBuildConfiguration section */

/* Begin XCConfigurationList section */
		E5AFDAB82694F2DC007F8F69 /* Build configuration list for PBXProject "amne" */ = {
			isa = XCConfigurationList;
			buildConfigurations = (
				E5AFDACF2694F2DD007F8F69 /* Debug */,
				E5AFDAD02694F2DD007F8F69 /* Release */,
			);
			defaultConfigurationIsVisible = 0;
			defaultConfigurationName = Release;
		};
		E5AFDAD12694F2DD007F8F69 /* Build configuration list for PBXNativeTarget "amne" */ = {
			isa = XCConfigurationList;
			buildConfigurations = (
				E5AFDAD22694F2DD007F8F69 /* Debug */,
				E5AFDAD32694F2DD007F8F69 /* Release */,
			);
			defaultConfigurationIsVisible = 0;
			defaultConfigurationName = Release;
		};
/* End XCConfigurationList section */
	};
	rootObject = E5AFDAB52694F2DC007F8F69 /* Project object */;
}
